
Microsoft Visual Studio Solution File, Format Version 12.00
# Visual Studio 2013
VisualStudioVersion = 12.0.30723.0
MinimumVisualStudioVersion = 10.0.40219.1
Project("{FAE04EC0-301F-11D3-BF4B-00C04F79EFBC}") = "DemoAboutBoil", "DemoAboutBoil\DemoAboutBoil.csproj", "{702B589F-06E9-420B-9D52-72173700A640}"
EndProject
Project("{FAE04EC0-301F-11D3-BF4B-00C04F79EFBC}") = "DelegateDemo2", "DelegateDemo2\DelegateDemo2.csproj", "{6E9B1B33-A050-4BD9-8376-3159FA781380}"
EndProject
Project("{FAE04EC0-301F-11D3-BF4B-00C04F79EFBC}") = "DelegateDemo3", "DelegateDemo3\DelegateDemo3.csproj", "{47769071-2483-47EB-9F10-0CDD12B1D4BF}"
EndProject
Project("{FAE04EC0-301F-11D3-BF4B-00C04F79EFBC}") = "DelegateDemo4", "DelegateDemo4\DelegateDemo4.csproj", "{10D0F669-6682-45F3-BF5A-6CACB7B4BAA5}"
EndProject
Project("{FAE04EC0-301F-11D3-BF4B-00C04F79EFBC}") = "TaskDemo1", "TaskDemo1\TaskDemo1.csproj", "{857507F7-376E-4A28-AEE1-AEF285E08EBB}"
EndProject
Project("{FAE04EC0-301F-11D3-BF4B-00C04F79EFBC}") = "TaskDemo2", "TaskDemo2\TaskDemo2.csproj", "{D029130A-2A86-406C-9AE8-D372C2CC36E0}"
EndProject
Project("{FAE04EC0-301F-11D3-BF4B-00C04F79EFBC}") = "AsyncDemo1", "AsyncDemo1\AsyncDemo1.csproj", "{63421C65-F6FA-4F19-BBB2-02001F640171}"
EndProject
Project("{FAE04EC0-301F-11D3-BF4B-00C04F79EFBC}") = "AsyncDemo2", "AsyncDemo2\AsyncDemo2.csproj", "{3B4BC3F0-A853-4019-96C2-560BFD1E2749}"
EndProject
Project("{FAE04EC0-301F-11D3-BF4B-00C04F79EFBC}") = "ActionDemo1", "ActionDemo1\ActionDemo1.csproj", "{6FA4D747-425D-4192-8F5E-452D9BDEDC29}"
EndProject
Project("{FAE04EC0-301F-11D3-BF4B-00C04F79EFBC}") = "ActionDemo2", "ActionDemo2\ActionDemo2.csproj", "{04DF7836-5244-4F77-937A-E3C2E414EFA7}"
EndProject
Global
	GlobalSection(SolutionConfigurationPlatforms) = preSolution
		Debug|Any CPU = Debug|Any CPU
		Release|Any CPU = Release|Any CPU
	EndGlobalSection
	GlobalSection(ProjectConfigurationPlatforms) = postSolution
		{702B589F-06E9-420B-9D52-72173700A640}.Debug|Any CPU.ActiveCfg = Debug|Any CPU
		{702B589F-06E9-420B-9D52-72173700A640}.Debug|Any CPU.Build.0 = Debug|Any CPU
		{702B589F-06E9-420B-9D52-72173700A640}.Release|Any CPU.ActiveCfg = Release|Any CPU
		{702B589F-06E9-420B-9D52-72173700A640}.Release|Any CPU.Build.0 = Release|Any CPU
		{6E9B1B33-A050-4BD9-8376-3159FA781380}.Debug|Any CPU.ActiveCfg = Debug|Any CPU
		{6E9B1B33-A050-4BD9-8376-3159FA781380}.Debug|Any CPU.Build.0 = Debug|Any CPU
		{6E9B1B33-A050-4BD9-8376-3159FA781380}.Release|Any CPU.ActiveCfg = Release|Any CPU
		{6E9B1B33-A050-4BD9-8376-3159FA781380}.Release|Any CPU.Build.0 = Release|Any CPU
		{47769071-2483-47EB-9F10-0CDD12B1D4BF}.Debug|Any CPU.ActiveCfg = Debug|Any CPU
		{47769071-2483-47EB-9F10-0CDD12B1D4BF}.Debug|Any CPU.Build.0 = Debug|Any CPU
		{47769071-2483-47EB-9F10-0CDD12B1D4BF}.Release|Any CPU.ActiveCfg = Release|Any CPU
		{47769071-2483-47EB-9F10-0CDD12B1D4BF}.Release|Any CPU.Build.0 = Release|Any CPU
		{10D0F669-6682-45F3-BF5A-6CACB7B4BAA5}.Debug|Any CPU.ActiveCfg = Debug|Any CPU
		{10D0F669-6682-45F3-BF5A-6CACB7B4BAA5}.Debug|Any CPU.Build.0 = Debug|Any CPU
		{10D0F669-6682-45F3-BF5A-6CACB7B4BAA5}.Release|Any CPU.ActiveCfg = Release|Any CPU
		{10D0F669-6682-45F3-BF5A-6CACB7B4BAA5}.Release|Any CPU.Build.0 = Release|Any CPU
		{857507F7-376E-4A28-AEE1-AEF285E08EBB}.Debug|Any CPU.ActiveCfg = Debug|Any CPU
		{857507F7-376E-4A28-AEE1-AEF285E08EBB}.Debug|Any CPU.Build.0 = Debug|Any CPU
		{857507F7-376E-4A28-AEE1-AEF285E08EBB}.Release|Any CPU.ActiveCfg = Release|Any CPU
		{857507F7-376E-4A28-AEE1-AEF285E08EBB}.Release|Any CPU.Build.0 = Release|Any CPU
		{D029130A-2A86-406C-9AE8-D372C2CC36E0}.Debug|Any CPU.ActiveCfg = Debug|Any CPU
		{D029130A-2A86-406C-9AE8-D372C2CC36E0}.Debug|Any CPU.Build.0 = Debug|Any CPU
		{D029130A-2A86-406C-9AE8-D372C2CC36E0}.Release|Any CPU.ActiveCfg = Release|Any CPU
		{D029130A-2A86-406C-9AE8-D372C2CC36E0}.Release|Any CPU.Build.0 = Release|Any CPU
		{63421C65-F6FA-4F19-BBB2-02001F640171}.Debug|Any CPU.ActiveCfg = Debug|Any CPU
		{63421C65-F6FA-4F19-BBB2-02001F640171}.Debug|Any CPU.Build.0 = Debug|Any CPU
		{63421C65-F6FA-4F19-BBB2-02001F640171}.Release|Any CPU.ActiveCfg = Release|Any CPU
		{63421C65-F6FA-4F19-BBB2-02001F640171}.Release|Any CPU.Build.0 = Release|Any CPU
		{3B4BC3F0-A853-4019-96C2-560BFD1E2749}.Debug|Any CPU.ActiveCfg = Debug|Any CPU
		{3B4BC3F0-A853-4019-96C2-560BFD1E2749}.Debug|Any CPU.Build.0 = Debug|Any CPU
		{3B4BC3F0-A853-4019-96C2-560BFD1E2749}.Release|Any CPU.ActiveCfg = Release|Any CPU
		{3B4BC3F0-A853-4019-96C2-560BFD1E2749}.Release|Any CPU.Build.0 = Release|Any CPU
		{6FA4D747-425D-4192-8F5E-452D9BDEDC29}.Debug|Any CPU.ActiveCfg = Debug|Any CPU
		{6FA4D747-425D-4192-8F5E-452D9BDEDC29}.Debug|Any CPU.Build.0 = Debug|Any CPU
		{6FA4D747-425D-4192-8F5E-452D9BDEDC29}.Release|Any CPU.ActiveCfg = Release|Any CPU
		{6FA4D747-425D-4192-8F5E-452D9BDEDC29}.Release|Any CPU.Build.0 = Release|Any CPU
		{04DF7836-5244-4F77-937A-E3C2E414EFA7}.Debug|Any CPU.ActiveCfg = Debug|Any CPU
		{04DF7836-5244-4F77-937A-E3C2E414EFA7}.Debug|Any CPU.Build.0 = Debug|Any CPU
		{04DF7836-5244-4F77-937A-E3C2E414EFA7}.Release|Any CPU.ActiveCfg = Release|Any CPU
		{04DF7836-5244-4F77-937A-E3C2E414EFA7}.Release|Any CPU.Build.0 = Release|Any CPU
	EndGlobalSection
	GlobalSection(SolutionProperties) = preSolution
		HideSolutionNode = FALSE
	EndGlobalSection
EndGlobal
